// !$*UTF8*$!
{
	archiveVersion = 1;
	classes = {
	};
	objectVersion = 52;
	objects = {

/* Begin PBXBuildFile section */
		071087F02704119C00D1773D /* SearchBar.swift in Sources */ = {isa = PBXBuildFile; fileRef = 071087EF2704119C00D1773D /* SearchBar.swift */; };
		0710BBE026F7CE12000E5501 /* Event.swift in Sources */ = {isa = PBXBuildFile; fileRef = 0710BBDF26F7CE12000E5501 /* Event.swift */; };
		07900D0726F7F21A00542CD2 /* RegistrationView.swift in Sources */ = {isa = PBXBuildFile; fileRef = 07900D0626F7F21A00542CD2 /* RegistrationView.swift */; };
		0797026F27307F8E00FBF801 /* RootTabbedView.swift in Sources */ = {isa = PBXBuildFile; fileRef = 0797026E27307F8E00FBF801 /* RootTabbedView.swift */; };
		07D654B2272DF85200EABA93 /* FeedView.swift in Sources */ = {isa = PBXBuildFile; fileRef = 07D654B1272DF85200EABA93 /* FeedView.swift */; };
		07D654B6272DF90200EABA93 /* ShowMap.swift in Sources */ = {isa = PBXBuildFile; fileRef = 07D654B5272DF90200EABA93 /* ShowMap.swift */; };
		07D654BA272DF92600EABA93 /* MapView.swift in Sources */ = {isa = PBXBuildFile; fileRef = 07D654B9272DF92600EABA93 /* MapView.swift */; };
		07D654BE272DF93900EABA93 /* UserEventView.swift in Sources */ = {isa = PBXBuildFile; fileRef = 07D654BD272DF93900EABA93 /* UserEventView.swift */; };
		07D654C2272DF94500EABA93 /* NearbyEventView.swift in Sources */ = {isa = PBXBuildFile; fileRef = 07D654C1272DF94500EABA93 /* NearbyEventView.swift */; };
		07D654C6272DF95100EABA93 /* ProfileView.swift in Sources */ = {isa = PBXBuildFile; fileRef = 07D654C5272DF95100EABA93 /* ProfileView.swift */; };
		190EB54B26E7EAD500822E65 /* WhatsHappeninApp.swift in Sources */ = {isa = PBXBuildFile; fileRef = 190EB54A26E7EAD500822E65 /* WhatsHappeninApp.swift */; };
		190EB54F26E7EAD600822E65 /* Assets.xcassets in Resources */ = {isa = PBXBuildFile; fileRef = 190EB54E26E7EAD600822E65 /* Assets.xcassets */; };
		190EB55226E7EAD600822E65 /* Preview Assets.xcassets in Resources */ = {isa = PBXBuildFile; fileRef = 190EB55126E7EAD600822E65 /* Preview Assets.xcassets */; };
		190EB55426E7EAD600822E65 /* Persistence.swift in Sources */ = {isa = PBXBuildFile; fileRef = 190EB55326E7EAD600822E65 /* Persistence.swift */; };
		190EB55726E7EAD600822E65 /* WhatsHappenin.xcdatamodeld in Sources */ = {isa = PBXBuildFile; fileRef = 190EB55526E7EAD600822E65 /* WhatsHappenin.xcdatamodeld */; };
		190EB57D26E8375300822E65 /* Siesta in Frameworks */ = {isa = PBXBuildFile; productRef = 190EB57C26E8375300822E65 /* Siesta */; };
		190EB57F26E8375300822E65 /* SiestaUI in Frameworks */ = {isa = PBXBuildFile; productRef = 190EB57E26E8375300822E65 /* SiestaUI */; };
		198ACAA02716112900037178 /* GenericResponse.swift in Sources */ = {isa = PBXBuildFile; fileRef = 198ACA9F2716112800037178 /* GenericResponse.swift */; };
		198ACAA22716171B00037178 /* LocationManager.swift in Sources */ = {isa = PBXBuildFile; fileRef = 198ACAA12716171B00037178 /* LocationManager.swift */; };
		198ACAA627161EAB00037178 /* SwiftUIRefresh in Frameworks */ = {isa = PBXBuildFile; productRef = 198ACAA527161EAB00037178 /* SwiftUIRefresh */; };
		19B276902730C34B0050438F /* RootView.swift in Sources */ = {isa = PBXBuildFile; fileRef = 19B2768F2730C34B0050438F /* RootView.swift */; };
		19B276992730D9060050438F /* ShowProfilePage.swift in Sources */ = {isa = PBXBuildFile; fileRef = 19B276982730D9050050438F /* ShowProfilePage.swift */; };
		19B2769B2730D9290050438F /* ProfilePageController.swift in Sources */ = {isa = PBXBuildFile; fileRef = 19B2769A2730D9290050438F /* ProfilePageController.swift */; };
		19B2769F2730EEA60050438F /* Constants.swift in Sources */ = {isa = PBXBuildFile; fileRef = 19B2769E2730EEA60050438F /* Constants.swift */; };
		19B276A12730EFB30050438F /* Keys.swift in Sources */ = {isa = PBXBuildFile; fileRef = 19B276A02730EFB30050438F /* Keys.swift */; };
		19F2F5032731AEAE0095775B /* EventRow.swift in Sources */ = {isa = PBXBuildFile; fileRef = 19F2F5022731AEAE0095775B /* EventRow.swift */; };
		19F2F5072731B0D90095775B /* Imageable.swift in Sources */ = {isa = PBXBuildFile; fileRef = 19F2F5062731B0D90095775B /* Imageable.swift */; };
		19F2F50B2731D8C10095775B /* RemoteImageView.swift in Sources */ = {isa = PBXBuildFile; fileRef = 19F2F50A2731D8C10095775B /* RemoteImageView.swift */; };
		19F2F50D2731F18B0095775B /* ImagePicker.swift in Sources */ = {isa = PBXBuildFile; fileRef = 19F2F50C2731F18B0095775B /* ImagePicker.swift */; };
		19F66673270CB2500080C6C3 /* WHAPI.swift in Sources */ = {isa = PBXBuildFile; fileRef = 19F66672270CB2500080C6C3 /* WHAPI.swift */; };
		19F6669E270CB6F40080C6C3 /* Production.xcconfig in Resources */ = {isa = PBXBuildFile; fileRef = 19F6669D270CB6F40080C6C3 /* Production.xcconfig */; };
		19F666A0270CB8A00080C6C3 /* Environment.swift in Sources */ = {isa = PBXBuildFile; fileRef = 19F6669F270CB8A00080C6C3 /* Environment.swift */; };
		19F666A5270CD5920080C6C3 /* KeychainSwift in Frameworks */ = {isa = PBXBuildFile; productRef = 19F666A4270CD5920080C6C3 /* KeychainSwift */; };
		19F666A8270CDAEE0080C6C3 /* Keychain.swift in Sources */ = {isa = PBXBuildFile; fileRef = 19F666A7270CDAEE0080C6C3 /* Keychain.swift */; };
		19F666AC270CDD0A0080C6C3 /* LoginView.swift in Sources */ = {isa = PBXBuildFile; fileRef = 19F666AB270CDD0A0080C6C3 /* LoginView.swift */; };
		19F666B1270CF9BD0080C6C3 /* Address.swift in Sources */ = {isa = PBXBuildFile; fileRef = 19F666B0270CF9BD0080C6C3 /* Address.swift */; };
		19F666B3270CF9CE0080C6C3 /* Country.swift in Sources */ = {isa = PBXBuildFile; fileRef = 19F666B2270CF9CE0080C6C3 /* Country.swift */; };
		19F666B8270CF9F50080C6C3 /* CoordinatePair.swift in Sources */ = {isa = PBXBuildFile; fileRef = 19F666B7270CF9F50080C6C3 /* CoordinatePair.swift */; };
		19F666C0270CFCAA0080C6C3 /* Comment.swift in Sources */ = {isa = PBXBuildFile; fileRef = 19F666BF270CFCAA0080C6C3 /* Comment.swift */; };
		19F666C4270D0C9E0080C6C3 /* StateAddress.swift in Sources */ = {isa = PBXBuildFile; fileRef = 19F666C3270D0C9E0080C6C3 /* StateAddress.swift */; };
		19F666C9270D1F530080C6C3 /* EventsListController.swift in Sources */ = {isa = PBXBuildFile; fileRef = 19F666C8270D1F530080C6C3 /* EventsListController.swift */; };
		663AAF0B26FA657500248928 /* CreateEvent.swift in Sources */ = {isa = PBXBuildFile; fileRef = 663AAF0A26FA657500248928 /* CreateEvent.swift */; };
		667D117B270B636F00C5A634 /* EventDetailView.swift in Sources */ = {isa = PBXBuildFile; fileRef = 667D117A270B636F00C5A634 /* EventDetailView.swift */; };
/* End PBXBuildFile section */

/* Begin PBXFileReference section */
		071087EF2704119C00D1773D /* SearchBar.swift */ = {isa = PBXFileReference; lastKnownFileType = sourcecode.swift; path = SearchBar.swift; sourceTree = "<group>"; };
		0710BBDF26F7CE12000E5501 /* Event.swift */ = {isa = PBXFileReference; lastKnownFileType = sourcecode.swift; path = Event.swift; sourceTree = "<group>"; };
		07900D0626F7F21A00542CD2 /* RegistrationView.swift */ = {isa = PBXFileReference; lastKnownFileType = sourcecode.swift; path = RegistrationView.swift; sourceTree = "<group>"; };
		0797026E27307F8E00FBF801 /* RootTabbedView.swift */ = {isa = PBXFileReference; fileEncoding = 4; lastKnownFileType = sourcecode.swift; path = RootTabbedView.swift; sourceTree = "<group>"; };
		07D654B1272DF85200EABA93 /* FeedView.swift */ = {isa = PBXFileReference; lastKnownFileType = sourcecode.swift; path = FeedView.swift; sourceTree = "<group>"; };
		07D654B5272DF90200EABA93 /* ShowMap.swift */ = {isa = PBXFileReference; lastKnownFileType = sourcecode.swift; path = ShowMap.swift; sourceTree = "<group>"; };
		07D654B9272DF92600EABA93 /* MapView.swift */ = {isa = PBXFileReference; lastKnownFileType = sourcecode.swift; path = MapView.swift; sourceTree = "<group>"; };
		07D654BD272DF93900EABA93 /* UserEventView.swift */ = {isa = PBXFileReference; lastKnownFileType = sourcecode.swift; path = UserEventView.swift; sourceTree = "<group>"; };
		07D654C1272DF94500EABA93 /* NearbyEventView.swift */ = {isa = PBXFileReference; lastKnownFileType = sourcecode.swift; path = NearbyEventView.swift; sourceTree = "<group>"; };
		07D654C5272DF95100EABA93 /* ProfileView.swift */ = {isa = PBXFileReference; lastKnownFileType = sourcecode.swift; path = ProfileView.swift; sourceTree = "<group>"; };
		190EB54726E7EAD500822E65 /* WhatsHappenin.app */ = {isa = PBXFileReference; explicitFileType = wrapper.application; includeInIndex = 0; path = WhatsHappenin.app; sourceTree = BUILT_PRODUCTS_DIR; };
		190EB54A26E7EAD500822E65 /* WhatsHappeninApp.swift */ = {isa = PBXFileReference; lastKnownFileType = sourcecode.swift; path = WhatsHappeninApp.swift; sourceTree = "<group>"; };
		190EB54E26E7EAD600822E65 /* Assets.xcassets */ = {isa = PBXFileReference; lastKnownFileType = folder.assetcatalog; path = Assets.xcassets; sourceTree = "<group>"; };
		190EB55126E7EAD600822E65 /* Preview Assets.xcassets */ = {isa = PBXFileReference; lastKnownFileType = folder.assetcatalog; path = "Preview Assets.xcassets"; sourceTree = "<group>"; };
		190EB55326E7EAD600822E65 /* Persistence.swift */ = {isa = PBXFileReference; lastKnownFileType = sourcecode.swift; path = Persistence.swift; sourceTree = "<group>"; };
		190EB55626E7EAD600822E65 /* WhatsHappenin.xcdatamodel */ = {isa = PBXFileReference; lastKnownFileType = wrapper.xcdatamodel; path = WhatsHappenin.xcdatamodel; sourceTree = "<group>"; };
		190EB55826E7EAD600822E65 /* Info.plist */ = {isa = PBXFileReference; lastKnownFileType = text.plist.xml; path = Info.plist; sourceTree = "<group>"; };
		190EB56126E7EAD600822E65 /* WhatsHappeninTests.swift */ = {isa = PBXFileReference; lastKnownFileType = sourcecode.swift; path = WhatsHappeninTests.swift; sourceTree = "<group>"; };
		190EB56326E7EAD600822E65 /* Info.plist */ = {isa = PBXFileReference; lastKnownFileType = text.plist.xml; path = Info.plist; sourceTree = "<group>"; };
		190EB56C26E7EAD600822E65 /* WhatsHappeninUITests.swift */ = {isa = PBXFileReference; lastKnownFileType = sourcecode.swift; path = WhatsHappeninUITests.swift; sourceTree = "<group>"; };
		190EB56E26E7EAD600822E65 /* Info.plist */ = {isa = PBXFileReference; lastKnownFileType = text.plist.xml; path = Info.plist; sourceTree = "<group>"; };
		190EB57A26E7EAE100822E65 /* WhatsHappenin.entitlements */ = {isa = PBXFileReference; lastKnownFileType = text.plist.entitlements; path = WhatsHappenin.entitlements; sourceTree = "<group>"; };
		198ACA9F2716112800037178 /* GenericResponse.swift */ = {isa = PBXFileReference; lastKnownFileType = sourcecode.swift; path = GenericResponse.swift; sourceTree = "<group>"; };
		198ACAA12716171B00037178 /* LocationManager.swift */ = {isa = PBXFileReference; lastKnownFileType = sourcecode.swift; path = LocationManager.swift; sourceTree = "<group>"; };
		19B2768F2730C34B0050438F /* RootView.swift */ = {isa = PBXFileReference; lastKnownFileType = sourcecode.swift; path = RootView.swift; sourceTree = "<group>"; };
		19B276982730D9050050438F /* ShowProfilePage.swift */ = {isa = PBXFileReference; lastKnownFileType = sourcecode.swift; path = ShowProfilePage.swift; sourceTree = "<group>"; };
		19B2769A2730D9290050438F /* ProfilePageController.swift */ = {isa = PBXFileReference; lastKnownFileType = sourcecode.swift; path = ProfilePageController.swift; sourceTree = "<group>"; };
		19B2769E2730EEA60050438F /* Constants.swift */ = {isa = PBXFileReference; lastKnownFileType = sourcecode.swift; path = Constants.swift; sourceTree = "<group>"; };
		19B276A02730EFB30050438F /* Keys.swift */ = {isa = PBXFileReference; lastKnownFileType = sourcecode.swift; path = Keys.swift; sourceTree = "<group>"; };
		19F2F5022731AEAE0095775B /* EventRow.swift */ = {isa = PBXFileReference; lastKnownFileType = sourcecode.swift; path = EventRow.swift; sourceTree = "<group>"; };
		19F2F5062731B0D90095775B /* Imageable.swift */ = {isa = PBXFileReference; lastKnownFileType = sourcecode.swift; path = Imageable.swift; sourceTree = "<group>"; };
		19F2F50A2731D8C10095775B /* RemoteImageView.swift */ = {isa = PBXFileReference; lastKnownFileType = sourcecode.swift; path = RemoteImageView.swift; sourceTree = "<group>"; };
		19F2F50C2731F18B0095775B /* ImagePicker.swift */ = {isa = PBXFileReference; lastKnownFileType = sourcecode.swift; path = ImagePicker.swift; sourceTree = "<group>"; };
		19F66672270CB2500080C6C3 /* WHAPI.swift */ = {isa = PBXFileReference; lastKnownFileType = sourcecode.swift; path = WHAPI.swift; sourceTree = "<group>"; };
		19F6669B270CB6E50080C6C3 /* Staging.xcconfig */ = {isa = PBXFileReference; lastKnownFileType = text.xcconfig; path = Staging.xcconfig; sourceTree = "<group>"; };
		19F6669D270CB6F40080C6C3 /* Production.xcconfig */ = {isa = PBXFileReference; lastKnownFileType = text.xcconfig; path = Production.xcconfig; sourceTree = "<group>"; };
		19F6669F270CB8A00080C6C3 /* Environment.swift */ = {isa = PBXFileReference; lastKnownFileType = sourcecode.swift; path = Environment.swift; sourceTree = "<group>"; };
		19F666A7270CDAEE0080C6C3 /* Keychain.swift */ = {isa = PBXFileReference; lastKnownFileType = sourcecode.swift; path = Keychain.swift; sourceTree = "<group>"; };
		19F666AB270CDD0A0080C6C3 /* LoginView.swift */ = {isa = PBXFileReference; lastKnownFileType = sourcecode.swift; path = LoginView.swift; sourceTree = "<group>"; };
		19F666B0270CF9BD0080C6C3 /* Address.swift */ = {isa = PBXFileReference; lastKnownFileType = sourcecode.swift; path = Address.swift; sourceTree = "<group>"; };
		19F666B2270CF9CE0080C6C3 /* Country.swift */ = {isa = PBXFileReference; lastKnownFileType = sourcecode.swift; path = Country.swift; sourceTree = "<group>"; };
		19F666B7270CF9F50080C6C3 /* CoordinatePair.swift */ = {isa = PBXFileReference; lastKnownFileType = sourcecode.swift; path = CoordinatePair.swift; sourceTree = "<group>"; };
		19F666BF270CFCAA0080C6C3 /* Comment.swift */ = {isa = PBXFileReference; lastKnownFileType = sourcecode.swift; path = Comment.swift; sourceTree = "<group>"; };
		19F666C3270D0C9E0080C6C3 /* StateAddress.swift */ = {isa = PBXFileReference; lastKnownFileType = sourcecode.swift; path = StateAddress.swift; sourceTree = "<group>"; };
		19F666C8270D1F530080C6C3 /* EventsListController.swift */ = {isa = PBXFileReference; lastKnownFileType = sourcecode.swift; path = EventsListController.swift; sourceTree = "<group>"; };
		663AAF0A26FA657500248928 /* CreateEvent.swift */ = {isa = PBXFileReference; lastKnownFileType = sourcecode.swift; path = CreateEvent.swift; sourceTree = "<group>"; };
		667D117A270B636F00C5A634 /* EventDetailView.swift */ = {isa = PBXFileReference; lastKnownFileType = sourcecode.swift; path = EventDetailView.swift; sourceTree = "<group>"; };
/* End PBXFileReference section */

/* Begin PBXFrameworksBuildPhase section */
		190EB54426E7EAD500822E65 /* Frameworks */ = {
			isa = PBXFrameworksBuildPhase;
			buildActionMask = 2147483647;
			files = (
				198ACAA627161EAB00037178 /* SwiftUIRefresh in Frameworks */,
				19F666A5270CD5920080C6C3 /* KeychainSwift in Frameworks */,
				190EB57D26E8375300822E65 /* Siesta in Frameworks */,
				190EB57F26E8375300822E65 /* SiestaUI in Frameworks */,
			);
			runOnlyForDeploymentPostprocessing = 0;
		};
/* End PBXFrameworksBuildPhase section */

/* Begin PBXGroup section */
		07900D0B26F7F66D00542CD2 /* Events */ = {
			isa = PBXGroup;
			children = (
				19F2F5022731AEAE0095775B /* EventRow.swift */,
				663AAF0A26FA657500248928 /* CreateEvent.swift */,
				667D117A270B636F00C5A634 /* EventDetailView.swift */,
			);
			path = Events;
			sourceTree = "<group>";
		};
		07900D0C26F7F67500542CD2 /* Auth */ = {
			isa = PBXGroup;
			children = (
				07900D0626F7F21A00542CD2 /* RegistrationView.swift */,
				19F666AB270CDD0A0080C6C3 /* LoginView.swift */,
			);
			path = Auth;
			sourceTree = "<group>";
		};
		190EB53E26E7EAD500822E65 = {
			isa = PBXGroup;
			children = (
				190EB54926E7EAD500822E65 /* WhatsHappenin */,
				190EB56026E7EAD600822E65 /* WhatsHappeninTests */,
				190EB56B26E7EAD600822E65 /* WhatsHappeninUITests */,
				190EB54826E7EAD500822E65 /* Products */,
			);
			sourceTree = "<group>";
		};
		190EB54826E7EAD500822E65 /* Products */ = {
			isa = PBXGroup;
			children = (
				190EB54726E7EAD500822E65 /* WhatsHappenin.app */,
			);
			name = Products;
			sourceTree = "<group>";
		};
		190EB54926E7EAD500822E65 /* WhatsHappenin */ = {
			isa = PBXGroup;
			children = (
				19B2768E2730C1BB0050438F /* Views */,
				196D0EF62723683700E05CC8 /* Controllers */,
				19F666AF270CF8B80080C6C3 /* Objects */,
				19F666A6270CDADF0080C6C3 /* Util */,
				19F6669A270CB6BB0080C6C3 /* Configs */,
				19F66671270CB2310080C6C3 /* API */,
				190EB57A26E7EAE100822E65 /* WhatsHappenin.entitlements */,
				190EB54A26E7EAD500822E65 /* WhatsHappeninApp.swift */,
				190EB54E26E7EAD600822E65 /* Assets.xcassets */,
				190EB55326E7EAD600822E65 /* Persistence.swift */,
				190EB55826E7EAD600822E65 /* Info.plist */,
				190EB55526E7EAD600822E65 /* WhatsHappenin.xcdatamodeld */,
				190EB55026E7EAD600822E65 /* Preview Content */,
			);
			path = WhatsHappenin;
			sourceTree = "<group>";
		};
		190EB55026E7EAD600822E65 /* Preview Content */ = {
			isa = PBXGroup;
			children = (
				190EB55126E7EAD600822E65 /* Preview Assets.xcassets */,
			);
			path = "Preview Content";
			sourceTree = "<group>";
		};
		190EB56026E7EAD600822E65 /* WhatsHappeninTests */ = {
			isa = PBXGroup;
			children = (
				190EB56126E7EAD600822E65 /* WhatsHappeninTests.swift */,
				190EB56326E7EAD600822E65 /* Info.plist */,
			);
			path = WhatsHappeninTests;
			sourceTree = "<group>";
		};
		190EB56B26E7EAD600822E65 /* WhatsHappeninUITests */ = {
			isa = PBXGroup;
			children = (
				190EB56C26E7EAD600822E65 /* WhatsHappeninUITests.swift */,
				190EB56E26E7EAD600822E65 /* Info.plist */,
			);
			path = WhatsHappeninUITests;
			sourceTree = "<group>";
		};
		196D0EF62723683700E05CC8 /* Controllers */ = {
			isa = PBXGroup;
			children = (
				19B2769A2730D9290050438F /* ProfilePageController.swift */,
				19F666C8270D1F530080C6C3 /* EventsListController.swift */,
			);
			path = Controllers;
			sourceTree = "<group>";
		};
		19B2768E2730C1BB0050438F /* Views */ = {
			isa = PBXGroup;
			children = (
				19F2F4C62731839B0095775B /* Util */,
				07900D0C26F7F67500542CD2 /* Auth */,
				19B276912730C67B0050438F /* Tabs */,
				0797026E27307F8E00FBF801 /* RootTabbedView.swift */,
				07D654B5272DF90200EABA93 /* ShowMap.swift */,
				07900D0B26F7F66D00542CD2 /* Events */,
				19B2768F2730C34B0050438F /* RootView.swift */,
				19B276982730D9050050438F /* ShowProfilePage.swift */,
			);
			path = Views;
			sourceTree = "<group>";
		};
		19B276912730C67B0050438F /* Tabs */ = {
			isa = PBXGroup;
			children = (
				07D654B1272DF85200EABA93 /* FeedView.swift */,
				07D654B9272DF92600EABA93 /* MapView.swift */,
				07D654BD272DF93900EABA93 /* UserEventView.swift */,
				07D654C1272DF94500EABA93 /* NearbyEventView.swift */,
				07D654C5272DF95100EABA93 /* ProfileView.swift */,
			);
			path = Tabs;
			sourceTree = "<group>";
		};
		19F2F4C62731839B0095775B /* Util */ = {
			isa = PBXGroup;
			children = (
				071087EF2704119C00D1773D /* SearchBar.swift */,
			);
			path = Util;
			sourceTree = "<group>";
		};
		19F66671270CB2310080C6C3 /* API */ = {
			isa = PBXGroup;
			children = (
				19F66672270CB2500080C6C3 /* WHAPI.swift */,
				19F2F5062731B0D90095775B /* Imageable.swift */,
			);
			path = API;
			sourceTree = "<group>";
		};
		19F6669A270CB6BB0080C6C3 /* Configs */ = {
			isa = PBXGroup;
			children = (
				19F6669B270CB6E50080C6C3 /* Staging.xcconfig */,
				19F6669D270CB6F40080C6C3 /* Production.xcconfig */,
				19F6669F270CB8A00080C6C3 /* Environment.swift */,
			);
			path = Configs;
			sourceTree = "<group>";
		};
		19F666A6270CDADF0080C6C3 /* Util */ = {
			isa = PBXGroup;
			children = (
				19F666A7270CDAEE0080C6C3 /* Keychain.swift */,
				198ACAA12716171B00037178 /* LocationManager.swift */,
				19B2769E2730EEA60050438F /* Constants.swift */,
				19B276A02730EFB30050438F /* Keys.swift */,
				19F2F50A2731D8C10095775B /* RemoteImageView.swift */,
				19F2F50C2731F18B0095775B /* ImagePicker.swift */,
			);
			path = Util;
			sourceTree = "<group>";
		};
		19F666AF270CF8B80080C6C3 /* Objects */ = {
			isa = PBXGroup;
			children = (
				0710BBDF26F7CE12000E5501 /* Event.swift */,
				19F666B0270CF9BD0080C6C3 /* Address.swift */,
				19F666B2270CF9CE0080C6C3 /* Country.swift */,
				19F666B7270CF9F50080C6C3 /* CoordinatePair.swift */,
				19F666BF270CFCAA0080C6C3 /* Comment.swift */,
				19F666C3270D0C9E0080C6C3 /* StateAddress.swift */,
				198ACA9F2716112800037178 /* GenericResponse.swift */,
			);
			path = Objects;
			sourceTree = "<group>";
		};
/* End PBXGroup section */

/* Begin PBXNativeTarget section */
		190EB54626E7EAD500822E65 /* WhatsHappenin */ = {
			isa = PBXNativeTarget;
			buildConfigurationList = 190EB57126E7EAD600822E65 /* Build configuration list for PBXNativeTarget "WhatsHappenin" */;
			buildPhases = (
				190EB54326E7EAD500822E65 /* Sources */,
				190EB54426E7EAD500822E65 /* Frameworks */,
				190EB54526E7EAD500822E65 /* Resources */,
			);
			buildRules = (
			);
			dependencies = (
			);
			name = WhatsHappenin;
			packageProductDependencies = (
				190EB57C26E8375300822E65 /* Siesta */,
				190EB57E26E8375300822E65 /* SiestaUI */,
				19F666A4270CD5920080C6C3 /* KeychainSwift */,
				198ACAA527161EAB00037178 /* SwiftUIRefresh */,
			);
			productName = WhatsHappenin;
			productReference = 190EB54726E7EAD500822E65 /* WhatsHappenin.app */;
			productType = "com.apple.product-type.application";
		};
/* End PBXNativeTarget section */

/* Begin PBXProject section */
		190EB53F26E7EAD500822E65 /* Project object */ = {
			isa = PBXProject;
			attributes = {
				LastSwiftUpdateCheck = 1250;
				LastUpgradeCheck = 1250;
				TargetAttributes = {
					190EB54626E7EAD500822E65 = {
						CreatedOnToolsVersion = 12.5.1;
					};
				};
			};
			buildConfigurationList = 190EB54226E7EAD500822E65 /* Build configuration list for PBXProject "WhatsHappenin" */;
			compatibilityVersion = "Xcode 9.3";
			developmentRegion = en;
			hasScannedForEncodings = 0;
			knownRegions = (
				en,
				Base,
			);
			mainGroup = 190EB53E26E7EAD500822E65;
			packageReferences = (
				190EB57B26E8375200822E65 /* XCRemoteSwiftPackageReference "siesta" */,
				19F666A3270CD5920080C6C3 /* XCRemoteSwiftPackageReference "keychain-swift" */,
				198ACAA427161EAB00037178 /* XCRemoteSwiftPackageReference "SwiftUIRefresh" */,
			);
			productRefGroup = 190EB54826E7EAD500822E65 /* Products */;
			projectDirPath = "";
			projectRoot = "";
			targets = (
				190EB54626E7EAD500822E65 /* WhatsHappenin */,
			);
		};
/* End PBXProject section */

/* Begin PBXResourcesBuildPhase section */
		190EB54526E7EAD500822E65 /* Resources */ = {
			isa = PBXResourcesBuildPhase;
			buildActionMask = 2147483647;
			files = (
				190EB55226E7EAD600822E65 /* Preview Assets.xcassets in Resources */,
				190EB54F26E7EAD600822E65 /* Assets.xcassets in Resources */,
				19F6669E270CB6F40080C6C3 /* Production.xcconfig in Resources */,
			);
			runOnlyForDeploymentPostprocessing = 0;
		};
/* End PBXResourcesBuildPhase section */

/* Begin PBXSourcesBuildPhase section */
		190EB54326E7EAD500822E65 /* Sources */ = {
			isa = PBXSourcesBuildPhase;
			buildActionMask = 2147483647;
			files = (
				19F2F5032731AEAE0095775B /* EventRow.swift in Sources */,
				19B2769B2730D9290050438F /* ProfilePageController.swift in Sources */,
				19B276A12730EFB30050438F /* Keys.swift in Sources */,
				19B276992730D9060050438F /* ShowProfilePage.swift in Sources */,
				190EB55726E7EAD600822E65 /* WhatsHappenin.xcdatamodeld in Sources */,
				07D654C2272DF94500EABA93 /* NearbyEventView.swift in Sources */,
				19F666C9270D1F530080C6C3 /* EventsListController.swift in Sources */,
				190EB55426E7EAD600822E65 /* Persistence.swift in Sources */,
				19F666C4270D0C9E0080C6C3 /* StateAddress.swift in Sources */,
				07D654BE272DF93900EABA93 /* UserEventView.swift in Sources */,
				198ACAA02716112900037178 /* GenericResponse.swift in Sources */,
				071087F02704119C00D1773D /* SearchBar.swift in Sources */,
				0710BBE026F7CE12000E5501 /* Event.swift in Sources */,
				19F2F50B2731D8C10095775B /* RemoteImageView.swift in Sources */,
				0797026F27307F8E00FBF801 /* RootTabbedView.swift in Sources */,
				19F66673270CB2500080C6C3 /* WHAPI.swift in Sources */,
				07D654C6272DF95100EABA93 /* ProfileView.swift in Sources */,
				19B276902730C34B0050438F /* RootView.swift in Sources */,
				19F666A0270CB8A00080C6C3 /* Environment.swift in Sources */,
				19F666AC270CDD0A0080C6C3 /* LoginView.swift in Sources */,
				07D654BA272DF92600EABA93 /* MapView.swift in Sources */,
				19F2F50D2731F18B0095775B /* ImagePicker.swift in Sources */,
				19F666B1270CF9BD0080C6C3 /* Address.swift in Sources */,
				19F666B8270CF9F50080C6C3 /* CoordinatePair.swift in Sources */,
				198ACAA22716171B00037178 /* LocationManager.swift in Sources */,
				19B2769F2730EEA60050438F /* Constants.swift in Sources */,
				07D654B2272DF85200EABA93 /* FeedView.swift in Sources */,
				663AAF0B26FA657500248928 /* CreateEvent.swift in Sources */,
				190EB54B26E7EAD500822E65 /* WhatsHappeninApp.swift in Sources */,
				19F666B3270CF9CE0080C6C3 /* Country.swift in Sources */,
				07900D0726F7F21A00542CD2 /* RegistrationView.swift in Sources */,
				19F666C0270CFCAA0080C6C3 /* Comment.swift in Sources */,
				667D117B270B636F00C5A634 /* EventDetailView.swift in Sources */,
				19F666A8270CDAEE0080C6C3 /* Keychain.swift in Sources */,
				07D654B6272DF90200EABA93 /* ShowMap.swift in Sources */,
				19F2F5072731B0D90095775B /* Imageable.swift in Sources */,
			);
			runOnlyForDeploymentPostprocessing = 0;
		};
/* End PBXSourcesBuildPhase section */

/* Begin XCBuildConfiguration section */
		190EB56F26E7EAD600822E65 /* Debug */ = {
			isa = XCBuildConfiguration;
			baseConfigurationReference = 19F6669D270CB6F40080C6C3 /* Production.xcconfig */;
			buildSettings = {
				ALWAYS_SEARCH_USER_PATHS = NO;
				CLANG_ANALYZER_NONNULL = YES;
				CLANG_ANALYZER_NUMBER_OBJECT_CONVERSION = YES_AGGRESSIVE;
				CLANG_CXX_LANGUAGE_STANDARD = "gnu++14";
				CLANG_CXX_LIBRARY = "libc++";
				CLANG_ENABLE_MODULES = YES;
				CLANG_ENABLE_OBJC_ARC = YES;
				CLANG_ENABLE_OBJC_WEAK = YES;
				CLANG_WARN_BLOCK_CAPTURE_AUTORELEASING = YES;
				CLANG_WARN_BOOL_CONVERSION = YES;
				CLANG_WARN_COMMA = YES;
				CLANG_WARN_CONSTANT_CONVERSION = YES;
				CLANG_WARN_DEPRECATED_OBJC_IMPLEMENTATIONS = YES;
				CLANG_WARN_DIRECT_OBJC_ISA_USAGE = YES_ERROR;
				CLANG_WARN_DOCUMENTATION_COMMENTS = YES;
				CLANG_WARN_EMPTY_BODY = YES;
				CLANG_WARN_ENUM_CONVERSION = YES;
				CLANG_WARN_INFINITE_RECURSION = YES;
				CLANG_WARN_INT_CONVERSION = YES;
				CLANG_WARN_NON_LITERAL_NULL_CONVERSION = YES;
				CLANG_WARN_OBJC_IMPLICIT_RETAIN_SELF = YES;
				CLANG_WARN_OBJC_LITERAL_CONVERSION = YES;
				CLANG_WARN_OBJC_ROOT_CLASS = YES_ERROR;
				CLANG_WARN_QUOTED_INCLUDE_IN_FRAMEWORK_HEADER = YES;
				CLANG_WARN_RANGE_LOOP_ANALYSIS = YES;
				CLANG_WARN_STRICT_PROTOTYPES = YES;
				CLANG_WARN_SUSPICIOUS_MOVE = YES;
				CLANG_WARN_UNGUARDED_AVAILABILITY = YES_AGGRESSIVE;
				CLANG_WARN_UNREACHABLE_CODE = YES;
				CLANG_WARN__DUPLICATE_METHOD_MATCH = YES;
				COPY_PHASE_STRIP = NO;
				DEBUG_INFORMATION_FORMAT = dwarf;
				ENABLE_STRICT_OBJC_MSGSEND = YES;
				ENABLE_TESTABILITY = YES;
				GCC_C_LANGUAGE_STANDARD = gnu11;
				GCC_DYNAMIC_NO_PIC = NO;
				GCC_NO_COMMON_BLOCKS = YES;
				GCC_OPTIMIZATION_LEVEL = 0;
				GCC_PREPROCESSOR_DEFINITIONS = (
					"DEBUG=1",
					"$(inherited)",
				);
				GCC_WARN_64_TO_32_BIT_CONVERSION = YES;
				GCC_WARN_ABOUT_RETURN_TYPE = YES_ERROR;
				GCC_WARN_UNDECLARED_SELECTOR = YES;
				GCC_WARN_UNINITIALIZED_AUTOS = YES_AGGRESSIVE;
				GCC_WARN_UNUSED_FUNCTION = YES;
				GCC_WARN_UNUSED_VARIABLE = YES;
				IPHONEOS_DEPLOYMENT_TARGET = 14.5;
				MTL_ENABLE_DEBUG_INFO = INCLUDE_SOURCE;
				MTL_FAST_MATH = YES;
				ONLY_ACTIVE_ARCH = YES;
				SDKROOT = iphoneos;
				SWIFT_ACTIVE_COMPILATION_CONDITIONS = DEBUG;
				SWIFT_OPTIMIZATION_LEVEL = "-Onone";
			};
			name = Debug;
		};
		190EB57026E7EAD600822E65 /* Release */ = {
			isa = XCBuildConfiguration;
			baseConfigurationReference = 19F6669D270CB6F40080C6C3 /* Production.xcconfig */;
			buildSettings = {
				ALWAYS_SEARCH_USER_PATHS = NO;
				CLANG_ANALYZER_NONNULL = YES;
				CLANG_ANALYZER_NUMBER_OBJECT_CONVERSION = YES_AGGRESSIVE;
				CLANG_CXX_LANGUAGE_STANDARD = "gnu++14";
				CLANG_CXX_LIBRARY = "libc++";
				CLANG_ENABLE_MODULES = YES;
				CLANG_ENABLE_OBJC_ARC = YES;
				CLANG_ENABLE_OBJC_WEAK = YES;
				CLANG_WARN_BLOCK_CAPTURE_AUTORELEASING = YES;
				CLANG_WARN_BOOL_CONVERSION = YES;
				CLANG_WARN_COMMA = YES;
				CLANG_WARN_CONSTANT_CONVERSION = YES;
				CLANG_WARN_DEPRECATED_OBJC_IMPLEMENTATIONS = YES;
				CLANG_WARN_DIRECT_OBJC_ISA_USAGE = YES_ERROR;
				CLANG_WARN_DOCUMENTATION_COMMENTS = YES;
				CLANG_WARN_EMPTY_BODY = YES;
				CLANG_WARN_ENUM_CONVERSION = YES;
				CLANG_WARN_INFINITE_RECURSION = YES;
				CLANG_WARN_INT_CONVERSION = YES;
				CLANG_WARN_NON_LITERAL_NULL_CONVERSION = YES;
				CLANG_WARN_OBJC_IMPLICIT_RETAIN_SELF = YES;
				CLANG_WARN_OBJC_LITERAL_CONVERSION = YES;
				CLANG_WARN_OBJC_ROOT_CLASS = YES_ERROR;
				CLANG_WARN_QUOTED_INCLUDE_IN_FRAMEWORK_HEADER = YES;
				CLANG_WARN_RANGE_LOOP_ANALYSIS = YES;
				CLANG_WARN_STRICT_PROTOTYPES = YES;
				CLANG_WARN_SUSPICIOUS_MOVE = YES;
				CLANG_WARN_UNGUARDED_AVAILABILITY = YES_AGGRESSIVE;
				CLANG_WARN_UNREACHABLE_CODE = YES;
				CLANG_WARN__DUPLICATE_METHOD_MATCH = YES;
				COPY_PHASE_STRIP = NO;
				DEBUG_INFORMATION_FORMAT = "dwarf-with-dsym";
				ENABLE_NS_ASSERTIONS = NO;
				ENABLE_STRICT_OBJC_MSGSEND = YES;
				GCC_C_LANGUAGE_STANDARD = gnu11;
				GCC_NO_COMMON_BLOCKS = YES;
				GCC_WARN_64_TO_32_BIT_CONVERSION = YES;
				GCC_WARN_ABOUT_RETURN_TYPE = YES_ERROR;
				GCC_WARN_UNDECLARED_SELECTOR = YES;
				GCC_WARN_UNINITIALIZED_AUTOS = YES_AGGRESSIVE;
				GCC_WARN_UNUSED_FUNCTION = YES;
				GCC_WARN_UNUSED_VARIABLE = YES;
				IPHONEOS_DEPLOYMENT_TARGET = 14.5;
				MTL_ENABLE_DEBUG_INFO = NO;
				MTL_FAST_MATH = YES;
				SDKROOT = iphoneos;
				SWIFT_COMPILATION_MODE = wholemodule;
				SWIFT_OPTIMIZATION_LEVEL = "-O";
				VALIDATE_PRODUCT = YES;
			};
			name = Release;
		};
		190EB57226E7EAD600822E65 /* Debug */ = {
			isa = XCBuildConfiguration;
			baseConfigurationReference = 19F6669D270CB6F40080C6C3 /* Production.xcconfig */;
			buildSettings = {
				ASSETCATALOG_COMPILER_APPICON_NAME = AppIcon;
				ASSETCATALOG_COMPILER_GLOBAL_ACCENT_COLOR_NAME = AccentColor;
				CODE_SIGN_ENTITLEMENTS = WhatsHappenin/WhatsHappenin.entitlements;
				CODE_SIGN_STYLE = Automatic;
				DEVELOPMENT_ASSET_PATHS = "\"WhatsHappenin/Preview Content\"";
				DEVELOPMENT_TEAM = Z6G83N9S59;
				ENABLE_PREVIEWS = YES;
				INFOPLIST_FILE = WhatsHappenin/Info.plist;
				IPHONEOS_DEPLOYMENT_TARGET = 15.0;
				LD_RUNPATH_SEARCH_PATHS = (
					"$(inherited)",
					"@executable_path/Frameworks",
				);
				PRODUCT_BUNDLE_IDENTIFIER = app.whatshappenin.WhatsHappenin1;
				PRODUCT_NAME = "$(APP_NAME)";
				SWIFT_VERSION = 5.0;
				TARGETED_DEVICE_FAMILY = "1,2";
			};
			name = Debug;
		};
		190EB57326E7EAD600822E65 /* Release */ = {
			isa = XCBuildConfiguration;
			baseConfigurationReference = 19F6669D270CB6F40080C6C3 /* Production.xcconfig */;
			buildSettings = {
				ASSETCATALOG_COMPILER_APPICON_NAME = AppIcon;
				ASSETCATALOG_COMPILER_GLOBAL_ACCENT_COLOR_NAME = AccentColor;
				CODE_SIGN_ENTITLEMENTS = WhatsHappenin/WhatsHappenin.entitlements;
				CODE_SIGN_STYLE = Automatic;
				DEVELOPMENT_ASSET_PATHS = "\"WhatsHappenin/Preview Content\"";
				DEVELOPMENT_TEAM = Z6G83N9S59;
				ENABLE_PREVIEWS = YES;
				INFOPLIST_FILE = WhatsHappenin/Info.plist;
				IPHONEOS_DEPLOYMENT_TARGET = 15.0;
				LD_RUNPATH_SEARCH_PATHS = (
					"$(inherited)",
					"@executable_path/Frameworks",
				);
				PRODUCT_BUNDLE_IDENTIFIER = app.whatshappenin.WhatsHappenin1;
				PRODUCT_NAME = "$(APP_NAME)";
				SWIFT_VERSION = 5.0;
				TARGETED_DEVICE_FAMILY = "1,2";
			};
			name = Release;
		};
		19F66690270CB56E0080C6C3 /* Debug (Staging) */ = {
			isa = XCBuildConfiguration;
			baseConfigurationReference = 19F6669B270CB6E50080C6C3 /* Staging.xcconfig */;
			buildSettings = {
				ALWAYS_SEARCH_USER_PATHS = NO;
				CLANG_ANALYZER_NONNULL = YES;
				CLANG_ANALYZER_NUMBER_OBJECT_CONVERSION = YES_AGGRESSIVE;
				CLANG_CXX_LANGUAGE_STANDARD = "gnu++14";
				CLANG_CXX_LIBRARY = "libc++";
				CLANG_ENABLE_MODULES = YES;
				CLANG_ENABLE_OBJC_ARC = YES;
				CLANG_ENABLE_OBJC_WEAK = YES;
				CLANG_WARN_BLOCK_CAPTURE_AUTORELEASING = YES;
				CLANG_WARN_BOOL_CONVERSION = YES;
				CLANG_WARN_COMMA = YES;
				CLANG_WARN_CONSTANT_CONVERSION = YES;
				CLANG_WARN_DEPRECATED_OBJC_IMPLEMENTATIONS = YES;
				CLANG_WARN_DIRECT_OBJC_ISA_USAGE = YES_ERROR;
				CLANG_WARN_DOCUMENTATION_COMMENTS = YES;
				CLANG_WARN_EMPTY_BODY = YES;
				CLANG_WARN_ENUM_CONVERSION = YES;
				CLANG_WARN_INFINITE_RECURSION = YES;
				CLANG_WARN_INT_CONVERSION = YES;
				CLANG_WARN_NON_LITERAL_NULL_CONVERSION = YES;
				CLANG_WARN_OBJC_IMPLICIT_RETAIN_SELF = YES;
				CLANG_WARN_OBJC_LITERAL_CONVERSION = YES;
				CLANG_WARN_OBJC_ROOT_CLASS = YES_ERROR;
				CLANG_WARN_QUOTED_INCLUDE_IN_FRAMEWORK_HEADER = YES;
				CLANG_WARN_RANGE_LOOP_ANALYSIS = YES;
				CLANG_WARN_STRICT_PROTOTYPES = YES;
				CLANG_WARN_SUSPICIOUS_MOVE = YES;
				CLANG_WARN_UNGUARDED_AVAILABILITY = YES_AGGRESSIVE;
				CLANG_WARN_UNREACHABLE_CODE = YES;
				CLANG_WARN__DUPLICATE_METHOD_MATCH = YES;
				COPY_PHASE_STRIP = NO;
				DEBUG_INFORMATION_FORMAT = dwarf;
				ENABLE_STRICT_OBJC_MSGSEND = YES;
				ENABLE_TESTABILITY = YES;
				GCC_C_LANGUAGE_STANDARD = gnu11;
				GCC_DYNAMIC_NO_PIC = NO;
				GCC_NO_COMMON_BLOCKS = YES;
				GCC_OPTIMIZATION_LEVEL = 0;
				GCC_PREPROCESSOR_DEFINITIONS = (
					"DEBUG=1",
					"$(inherited)",
				);
				GCC_WARN_64_TO_32_BIT_CONVERSION = YES;
				GCC_WARN_ABOUT_RETURN_TYPE = YES_ERROR;
				GCC_WARN_UNDECLARED_SELECTOR = YES;
				GCC_WARN_UNINITIALIZED_AUTOS = YES_AGGRESSIVE;
				GCC_WARN_UNUSED_FUNCTION = YES;
				GCC_WARN_UNUSED_VARIABLE = YES;
				IPHONEOS_DEPLOYMENT_TARGET = 14.5;
				MTL_ENABLE_DEBUG_INFO = INCLUDE_SOURCE;
				MTL_FAST_MATH = YES;
				ONLY_ACTIVE_ARCH = YES;
				SDKROOT = iphoneos;
				SWIFT_ACTIVE_COMPILATION_CONDITIONS = DEBUG;
				SWIFT_OPTIMIZATION_LEVEL = "-Onone";
			};
			name = "Debug (Staging)";
		};
		19F66691270CB56E0080C6C3 /* Debug (Staging) */ = {
			isa = XCBuildConfiguration;
			baseConfigurationReference = 19F6669B270CB6E50080C6C3 /* Staging.xcconfig */;
			buildSettings = {
				ASSETCATALOG_COMPILER_APPICON_NAME = AppIcon;
				ASSETCATALOG_COMPILER_GLOBAL_ACCENT_COLOR_NAME = AccentColor;
				CODE_SIGN_ENTITLEMENTS = WhatsHappenin/WhatsHappenin.entitlements;
				CODE_SIGN_STYLE = Automatic;
				DEVELOPMENT_ASSET_PATHS = "\"WhatsHappenin/Preview Content\"";
				DEVELOPMENT_TEAM = Z6G83N9S59;
				ENABLE_PREVIEWS = YES;
				INFOPLIST_FILE = WhatsHappenin/Info.plist;
				IPHONEOS_DEPLOYMENT_TARGET = 15.0;
				LD_RUNPATH_SEARCH_PATHS = (
					"$(inherited)",
					"@executable_path/Frameworks",
				);
				PRODUCT_BUNDLE_IDENTIFIER = app.whatshappenin.WhatsHappenin1.staging;
				PRODUCT_NAME = "$(APP_NAME)";
				SWIFT_VERSION = 5.0;
				TARGETED_DEVICE_FAMILY = "1,2";
			};
			name = "Debug (Staging)";
		};
		19F66695270CB5EF0080C6C3 /* Release (Staging) */ = {
			isa = XCBuildConfiguration;
			baseConfigurationReference = 19F6669B270CB6E50080C6C3 /* Staging.xcconfig */;
			buildSettings = {
				ALWAYS_SEARCH_USER_PATHS = NO;
				CLANG_ANALYZER_NONNULL = YES;
				CLANG_ANALYZER_NUMBER_OBJECT_CONVERSION = YES_AGGRESSIVE;
				CLANG_CXX_LANGUAGE_STANDARD = "gnu++14";
				CLANG_CXX_LIBRARY = "libc++";
				CLANG_ENABLE_MODULES = YES;
				CLANG_ENABLE_OBJC_ARC = YES;
				CLANG_ENABLE_OBJC_WEAK = YES;
				CLANG_WARN_BLOCK_CAPTURE_AUTORELEASING = YES;
				CLANG_WARN_BOOL_CONVERSION = YES;
				CLANG_WARN_COMMA = YES;
				CLANG_WARN_CONSTANT_CONVERSION = YES;
				CLANG_WARN_DEPRECATED_OBJC_IMPLEMENTATIONS = YES;
				CLANG_WARN_DIRECT_OBJC_ISA_USAGE = YES_ERROR;
				CLANG_WARN_DOCUMENTATION_COMMENTS = YES;
				CLANG_WARN_EMPTY_BODY = YES;
				CLANG_WARN_ENUM_CONVERSION = YES;
				CLANG_WARN_INFINITE_RECURSION = YES;
				CLANG_WARN_INT_CONVERSION = YES;
				CLANG_WARN_NON_LITERAL_NULL_CONVERSION = YES;
				CLANG_WARN_OBJC_IMPLICIT_RETAIN_SELF = YES;
				CLANG_WARN_OBJC_LITERAL_CONVERSION = YES;
				CLANG_WARN_OBJC_ROOT_CLASS = YES_ERROR;
				CLANG_WARN_QUOTED_INCLUDE_IN_FRAMEWORK_HEADER = YES;
				CLANG_WARN_RANGE_LOOP_ANALYSIS = YES;
				CLANG_WARN_STRICT_PROTOTYPES = YES;
				CLANG_WARN_SUSPICIOUS_MOVE = YES;
				CLANG_WARN_UNGUARDED_AVAILABILITY = YES_AGGRESSIVE;
				CLANG_WARN_UNREACHABLE_CODE = YES;
				CLANG_WARN__DUPLICATE_METHOD_MATCH = YES;
				COPY_PHASE_STRIP = NO;
				DEBUG_INFORMATION_FORMAT = "dwarf-with-dsym";
				ENABLE_NS_ASSERTIONS = NO;
				ENABLE_STRICT_OBJC_MSGSEND = YES;
				GCC_C_LANGUAGE_STANDARD = gnu11;
				GCC_NO_COMMON_BLOCKS = YES;
				GCC_WARN_64_TO_32_BIT_CONVERSION = YES;
				GCC_WARN_ABOUT_RETURN_TYPE = YES_ERROR;
				GCC_WARN_UNDECLARED_SELECTOR = YES;
				GCC_WARN_UNINITIALIZED_AUTOS = YES_AGGRESSIVE;
				GCC_WARN_UNUSED_FUNCTION = YES;
				GCC_WARN_UNUSED_VARIABLE = YES;
				IPHONEOS_DEPLOYMENT_TARGET = 14.5;
				MTL_ENABLE_DEBUG_INFO = NO;
				MTL_FAST_MATH = YES;
				SDKROOT = iphoneos;
				SWIFT_COMPILATION_MODE = wholemodule;
				SWIFT_OPTIMIZATION_LEVEL = "-O";
				VALIDATE_PRODUCT = YES;
			};
			name = "Release (Staging)";
		};
		19F66696270CB5EF0080C6C3 /* Release (Staging) */ = {
			isa = XCBuildConfiguration;
			baseConfigurationReference = 19F6669B270CB6E50080C6C3 /* Staging.xcconfig */;
			buildSettings = {
				ASSETCATALOG_COMPILER_APPICON_NAME = AppIcon;
				ASSETCATALOG_COMPILER_GLOBAL_ACCENT_COLOR_NAME = AccentColor;
				CODE_SIGN_ENTITLEMENTS = WhatsHappenin/WhatsHappenin.entitlements;
				CODE_SIGN_STYLE = Automatic;
				DEVELOPMENT_ASSET_PATHS = "\"WhatsHappenin/Preview Content\"";
				DEVELOPMENT_TEAM = Z6G83N9S59;
				ENABLE_PREVIEWS = YES;
				INFOPLIST_FILE = WhatsHappenin/Info.plist;
				IPHONEOS_DEPLOYMENT_TARGET = 15.0;
				LD_RUNPATH_SEARCH_PATHS = (
					"$(inherited)",
					"@executable_path/Frameworks",
				);
				PRODUCT_BUNDLE_IDENTIFIER = app.whatshappenin.WhatsHappenin1.staging;
				PRODUCT_NAME = "$(APP_NAME)";
				SWIFT_VERSION = 5.0;
				TARGETED_DEVICE_FAMILY = "1,2";
			};
			name = "Release (Staging)";
		};
/* End XCBuildConfiguration section */

/* Begin XCConfigurationList section */
		190EB54226E7EAD500822E65 /* Build configuration list for PBXProject "WhatsHappenin" */ = {
			isa = XCConfigurationList;
			buildConfigurations = (
				190EB56F26E7EAD600822E65 /* Debug */,
				19F66690270CB56E0080C6C3 /* Debug (Staging) */,
				190EB57026E7EAD600822E65 /* Release */,
				19F66695270CB5EF0080C6C3 /* Release (Staging) */,
			);
			defaultConfigurationIsVisible = 0;
			defaultConfigurationName = Release;
		};
		190EB57126E7EAD600822E65 /* Build configuration list for PBXNativeTarget "WhatsHappenin" */ = {
			isa = XCConfigurationList;
			buildConfigurations = (
				190EB57226E7EAD600822E65 /* Debug */,
				19F66691270CB56E0080C6C3 /* Debug (Staging) */,
				190EB57326E7EAD600822E65 /* Release */,
				19F66696270CB5EF0080C6C3 /* Release (Staging) */,
			);
			defaultConfigurationIsVisible = 0;
			defaultConfigurationName = Release;
		};
/* End XCConfigurationList section */

/* Begin XCRemoteSwiftPackageReference section */
		190EB57B26E8375200822E65 /* XCRemoteSwiftPackageReference "siesta" */ = {
			isa = XCRemoteSwiftPackageReference;
			repositoryURL = "https://github.com/bustoutsolutions/siesta";
			requirement = {
				kind = upToNextMajorVersion;
				minimumVersion = 1.5.2;
			};
		};
		198ACAA427161EAB00037178 /* XCRemoteSwiftPackageReference "SwiftUIRefresh" */ = {
			isa = XCRemoteSwiftPackageReference;
			repositoryURL = "https://github.com/timbersoftware/SwiftUIRefresh.git";
			requirement = {
				branch = master;
				kind = branch;
			};
		};
		19F666A3270CD5920080C6C3 /* XCRemoteSwiftPackageReference "keychain-swift" */ = {
			isa = XCRemoteSwiftPackageReference;
			repositoryURL = "https://github.com/evgenyneu/keychain-swift.git";
			requirement = {
				branch = master;
				kind = branch;
			};
		};
/* End XCRemoteSwiftPackageReference section */

/* Begin XCSwiftPackageProductDependency section */
		190EB57C26E8375300822E65 /* Siesta */ = {
			isa = XCSwiftPackageProductDependency;
			package = 190EB57B26E8375200822E65 /* XCRemoteSwiftPackageReference "siesta" */;
			productName = Siesta;
		};
		190EB57E26E8375300822E65 /* SiestaUI */ = {
			isa = XCSwiftPackageProductDependency;
			package = 190EB57B26E8375200822E65 /* XCRemoteSwiftPackageReference "siesta" */;
			productName = SiestaUI;
		};
		198ACAA527161EAB00037178 /* SwiftUIRefresh */ = {
			isa = XCSwiftPackageProductDependency;
			package = 198ACAA427161EAB00037178 /* XCRemoteSwiftPackageReference "SwiftUIRefresh" */;
			productName = SwiftUIRefresh;
		};
		19F666A4270CD5920080C6C3 /* KeychainSwift */ = {
			isa = XCSwiftPackageProductDependency;
			package = 19F666A3270CD5920080C6C3 /* XCRemoteSwiftPackageReference "keychain-swift" */;
			productName = KeychainSwift;
		};
/* End XCSwiftPackageProductDependency section */

/* Begin XCVersionGroup section */
		190EB55526E7EAD600822E65 /* WhatsHappenin.xcdatamodeld */ = {
			isa = XCVersionGroup;
			children = (
				190EB55626E7EAD600822E65 /* WhatsHappenin.xcdatamodel */,
			);
			currentVersion = 190EB55626E7EAD600822E65 /* WhatsHappenin.xcdatamodel */;
			path = WhatsHappenin.xcdatamodeld;
			sourceTree = "<group>";
			versionGroupType = wrapper.xcdatamodel;
		};
/* End XCVersionGroup section */
	};
	rootObject = 190EB53F26E7EAD500822E65 /* Project object */;
}
