{
  "object": {
    "pins": [
      {
        "package": "Alamofire",
        "repositoryURL": "https://github.com/Alamofire/Alamofire",
        "state": {
          "branch": null,
          "revision": "f96b619bcb2383b43d898402283924b80e2c4bae",
          "version": "5.4.3"
        }
      },
      {
        "package": "KeychainSwift",
        "repositoryURL": "https://github.com/evgenyneu/keychain-swift.git",
        "state": {
          "branch": "master",
          "revision": "e538f8bb0434c70d27b25ca72bec96735183c037",
          "version": null
        }
      },
      {
        "package": "Siesta",
        "repositoryURL": "https://github.com/bustoutsolutions/siesta",
        "state": {
          "branch": null,
          "revision": "43f34046ebb5beb6802200353c473af303bbc31e",
          "version": "1.5.2"
        }
      }
    ]
  },
  "version": 1
}
